
Microsoft Visual Studio Solution File, Format Version 12.00
# Visual Studio 15
VisualStudioVersion = 15.0.28307.168
MinimumVisualStudioVersion = 10.0.40219.1
Project("{FAE04EC0-301F-11D3-BF4B-00C04F79EFBC}") = "Ventas.Android", "Ventas\Ventas.Android\Ventas.Android.csproj", "{F00F110F-364E-4E47-9C24-552DB47F8FEB}"
EndProject
Project("{FAE04EC0-301F-11D3-BF4B-00C04F79EFBC}") = "Ventas.iOS", "Ventas\Ventas.iOS\Ventas.iOS.csproj", "{76801015-472C-4C04-B33D-F970B729D487}"
EndProject
Project("{FAE04EC0-301F-11D3-BF4B-00C04F79EFBC}") = "Ventas", "Ventas\Ventas\Ventas.csproj", "{52826DA7-443B-4B3C-98CF-9231E1CECD7C}"
EndProject
Project("{FAE04EC0-301F-11D3-BF4B-00C04F79EFBC}") = "Ventas.Backend", "Ventas.Backend\Ventas.Backend.csproj", "{466A1E2E-CF9E-4C37-9154-4C94E6427C4A}"
EndProject
Project("{FAE04EC0-301F-11D3-BF4B-00C04F79EFBC}") = "Ventas.API", "Ventas.API\Ventas.API.csproj", "{38691FD6-66BE-4768-A905-36DF00C127EF}"
EndProject
Project("{FAE04EC0-301F-11D3-BF4B-00C04F79EFBC}") = "Ventas.Domain", "Ventas.Domain\Ventas.Domain.csproj", "{C3F46464-2127-4E85-914B-C10B923E66E1}"
EndProject
Project("{FAE04EC0-301F-11D3-BF4B-00C04F79EFBC}") = "Ventas.Common", "Ventas.Common\Ventas.Common.csproj", "{9100E12D-3105-468C-9461-F8B9A954A737}"
EndProject
Global
	GlobalSection(SolutionConfigurationPlatforms) = preSolution
		Ad-Hoc|Any CPU = Ad-Hoc|Any CPU
		Ad-Hoc|iPhone = Ad-Hoc|iPhone
		Ad-Hoc|iPhoneSimulator = Ad-Hoc|iPhoneSimulator
		AppStore|Any CPU = AppStore|Any CPU
		AppStore|iPhone = AppStore|iPhone
		AppStore|iPhoneSimulator = AppStore|iPhoneSimulator
		Debug|Any CPU = Debug|Any CPU
		Debug|iPhone = Debug|iPhone
		Debug|iPhoneSimulator = Debug|iPhoneSimulator
		Release|Any CPU = Release|Any CPU
		Release|iPhone = Release|iPhone
		Release|iPhoneSimulator = Release|iPhoneSimulator
	EndGlobalSection
	GlobalSection(ProjectConfigurationPlatforms) = postSolution
		{F00F110F-364E-4E47-9C24-552DB47F8FEB}.Ad-Hoc|Any CPU.ActiveCfg = Release|Any CPU
		{F00F110F-364E-4E47-9C24-552DB47F8FEB}.Ad-Hoc|Any CPU.Build.0 = Release|Any CPU
		{F00F110F-364E-4E47-9C24-552DB47F8FEB}.Ad-Hoc|Any CPU.Deploy.0 = Release|Any CPU
		{F00F110F-364E-4E47-9C24-552DB47F8FEB}.Ad-Hoc|iPhone.ActiveCfg = Release|Any CPU
		{F00F110F-364E-4E47-9C24-552DB47F8FEB}.Ad-Hoc|iPhone.Build.0 = Release|Any CPU
		{F00F110F-364E-4E47-9C24-552DB47F8FEB}.Ad-Hoc|iPhone.Deploy.0 = Release|Any CPU
		{F00F110F-364E-4E47-9C24-552DB47F8FEB}.Ad-Hoc|iPhoneSimulator.ActiveCfg = Release|Any CPU
		{F00F110F-364E-4E47-9C24-552DB47F8FEB}.Ad-Hoc|iPhoneSimulator.Build.0 = Release|Any CPU
		{F00F110F-364E-4E47-9C24-552DB47F8FEB}.Ad-Hoc|iPhoneSimulator.Deploy.0 = Release|Any CPU
		{F00F110F-364E-4E47-9C24-552DB47F8FEB}.AppStore|Any CPU.ActiveCfg = Release|Any CPU
		{F00F110F-364E-4E47-9C24-552DB47F8FEB}.AppStore|Any CPU.Build.0 = Release|Any CPU
		{F00F110F-364E-4E47-9C24-552DB47F8FEB}.AppStore|Any CPU.Deploy.0 = Release|Any CPU
		{F00F110F-364E-4E47-9C24-552DB47F8FEB}.AppStore|iPhone.ActiveCfg = Release|Any CPU
		{F00F110F-364E-4E47-9C24-552DB47F8FEB}.AppStore|iPhone.Build.0 = Release|Any CPU
		{F00F110F-364E-4E47-9C24-552DB47F8FEB}.AppStore|iPhone.Deploy.0 = Release|Any CPU
		{F00F110F-364E-4E47-9C24-552DB47F8FEB}.AppStore|iPhoneSimulator.ActiveCfg = Release|Any CPU
		{F00F110F-364E-4E47-9C24-552DB47F8FEB}.AppStore|iPhoneSimulator.Build.0 = Release|Any CPU
		{F00F110F-364E-4E47-9C24-552DB47F8FEB}.AppStore|iPhoneSimulator.Deploy.0 = Release|Any CPU
		{F00F110F-364E-4E47-9C24-552DB47F8FEB}.Debug|Any CPU.ActiveCfg = Debug|Any CPU
		{F00F110F-364E-4E47-9C24-552DB47F8FEB}.Debug|Any CPU.Build.0 = Debug|Any CPU
		{F00F110F-364E-4E47-9C24-552DB47F8FEB}.Debug|Any CPU.Deploy.0 = Debug|Any CPU
		{F00F110F-364E-4E47-9C24-552DB47F8FEB}.Debug|iPhone.ActiveCfg = Debug|Any CPU
		{F00F110F-364E-4E47-9C24-552DB47F8FEB}.Debug|iPhone.Build.0 = Debug|Any CPU
		{F00F110F-364E-4E47-9C24-552DB47F8FEB}.Debug|iPhone.Deploy.0 = Debug|Any CPU
		{F00F110F-364E-4E47-9C24-552DB47F8FEB}.Debug|iPhoneSimulator.ActiveCfg = Debug|Any CPU
		{F00F110F-364E-4E47-9C24-552DB47F8FEB}.Debug|iPhoneSimulator.Build.0 = Debug|Any CPU
		{F00F110F-364E-4E47-9C24-552DB47F8FEB}.Debug|iPhoneSimulator.Deploy.0 = Debug|Any CPU
		{F00F110F-364E-4E47-9C24-552DB47F8FEB}.Release|Any CPU.ActiveCfg = Release|Any CPU
		{F00F110F-364E-4E47-9C24-552DB47F8FEB}.Release|Any CPU.Build.0 = Release|Any CPU
		{F00F110F-364E-4E47-9C24-552DB47F8FEB}.Release|Any CPU.Deploy.0 = Release|Any CPU
		{F00F110F-364E-4E47-9C24-552DB47F8FEB}.Release|iPhone.ActiveCfg = Release|Any CPU
		{F00F110F-364E-4E47-9C24-552DB47F8FEB}.Release|iPhone.Build.0 = Release|Any CPU
		{F00F110F-364E-4E47-9C24-552DB47F8FEB}.Release|iPhone.Deploy.0 = Release|Any CPU
		{F00F110F-364E-4E47-9C24-552DB47F8FEB}.Release|iPhoneSimulator.ActiveCfg = Release|Any CPU
		{F00F110F-364E-4E47-9C24-552DB47F8FEB}.Release|iPhoneSimulator.Build.0 = Release|Any CPU
		{F00F110F-364E-4E47-9C24-552DB47F8FEB}.Release|iPhoneSimulator.Deploy.0 = Release|Any CPU
		{76801015-472C-4C04-B33D-F970B729D487}.Ad-Hoc|Any CPU.ActiveCfg = Ad-Hoc|iPhone
		{76801015-472C-4C04-B33D-F970B729D487}.Ad-Hoc|Any CPU.Build.0 = Ad-Hoc|iPhone
		{76801015-472C-4C04-B33D-F970B729D487}.Ad-Hoc|Any CPU.Deploy.0 = Ad-Hoc|iPhone
		{76801015-472C-4C04-B33D-F970B729D487}.Ad-Hoc|iPhone.ActiveCfg = Ad-Hoc|iPhone
		{76801015-472C-4C04-B33D-F970B729D487}.Ad-Hoc|iPhone.Build.0 = Ad-Hoc|iPhone
		{76801015-472C-4C04-B33D-F970B729D487}.Ad-Hoc|iPhone.Deploy.0 = Ad-Hoc|iPhone
		{76801015-472C-4C04-B33D-F970B729D487}.Ad-Hoc|iPhoneSimulator.ActiveCfg = Ad-Hoc|iPhoneSimulator
		{76801015-472C-4C04-B33D-F970B729D487}.Ad-Hoc|iPhoneSimulator.Build.0 = Ad-Hoc|iPhoneSimulator
		{76801015-472C-4C04-B33D-F970B729D487}.Ad-Hoc|iPhoneSimulator.Deploy.0 = Ad-Hoc|iPhoneSimulator
		{76801015-472C-4C04-B33D-F970B729D487}.AppStore|Any CPU.ActiveCfg = AppStore|iPhone
		{76801015-472C-4C04-B33D-F970B729D487}.AppStore|Any CPU.Build.0 = AppStore|iPhone
		{76801015-472C-4C04-B33D-F970B729D487}.AppStore|Any CPU.Deploy.0 = AppStore|iPhone
		{76801015-472C-4C04-B33D-F970B729D487}.AppStore|iPhone.ActiveCfg = AppStore|iPhone
		{76801015-472C-4C04-B33D-F970B729D487}.AppStore|iPhone.Build.0 = AppStore|iPhone
		{76801015-472C-4C04-B33D-F970B729D487}.AppStore|iPhone.Deploy.0 = AppStore|iPhone
		{76801015-472C-4C04-B33D-F970B729D487}.AppStore|iPhoneSimulator.ActiveCfg = AppStore|iPhoneSimulator
		{76801015-472C-4C04-B33D-F970B729D487}.AppStore|iPhoneSimulator.Build.0 = AppStore|iPhoneSimulator
		{76801015-472C-4C04-B33D-F970B729D487}.AppStore|iPhoneSimulator.Deploy.0 = AppStore|iPhoneSimulator
		{76801015-472C-4C04-B33D-F970B729D487}.Debug|Any CPU.ActiveCfg = Debug|iPhoneSimulator
		{76801015-472C-4C04-B33D-F970B729D487}.Debug|Any CPU.Build.0 = Debug|iPhoneSimulator
		{76801015-472C-4C04-B33D-F970B729D487}.Debug|Any CPU.Deploy.0 = Debug|iPhoneSimulator
		{76801015-472C-4C04-B33D-F970B729D487}.Debug|iPhone.ActiveCfg = Debug|iPhone
		{76801015-472C-4C04-B33D-F970B729D487}.Debug|iPhone.Build.0 = Debug|iPhone
		{76801015-472C-4C04-B33D-F970B729D487}.Debug|iPhone.Deploy.0 = Debug|iPhone
		{76801015-472C-4C04-B33D-F970B729D487}.Debug|iPhoneSimulator.ActiveCfg = Debug|iPhoneSimulator
		{76801015-472C-4C04-B33D-F970B729D487}.Debug|iPhoneSimulator.Build.0 = Debug|iPhoneSimulator
		{76801015-472C-4C04-B33D-F970B729D487}.Debug|iPhoneSimulator.Deploy.0 = Debug|iPhoneSimulator
		{76801015-472C-4C04-B33D-F970B729D487}.Release|Any CPU.ActiveCfg = Release|iPhone
		{76801015-472C-4C04-B33D-F970B729D487}.Release|Any CPU.Build.0 = Release|iPhone
		{76801015-472C-4C04-B33D-F970B729D487}.Release|Any CPU.Deploy.0 = Release|iPhone
		{76801015-472C-4C04-B33D-F970B729D487}.Release|iPhone.ActiveCfg = Release|iPhone
		{76801015-472C-4C04-B33D-F970B729D487}.Release|iPhone.Build.0 = Release|iPhone
		{76801015-472C-4C04-B33D-F970B729D487}.Release|iPhone.Deploy.0 = Release|iPhone
		{76801015-472C-4C04-B33D-F970B729D487}.Release|iPhoneSimulator.ActiveCfg = Release|iPhoneSimulator
		{76801015-472C-4C04-B33D-F970B729D487}.Release|iPhoneSimulator.Build.0 = Release|iPhoneSimulator
		{76801015-472C-4C04-B33D-F970B729D487}.Release|iPhoneSimulator.Deploy.0 = Release|iPhoneSimulator
		{52826DA7-443B-4B3C-98CF-9231E1CECD7C}.Ad-Hoc|Any CPU.ActiveCfg = Debug|Any CPU
		{52826DA7-443B-4B3C-98CF-9231E1CECD7C}.Ad-Hoc|Any CPU.Build.0 = Debug|Any CPU
		{52826DA7-443B-4B3C-98CF-9231E1CECD7C}.Ad-Hoc|Any CPU.Deploy.0 = Debug|Any CPU
		{52826DA7-443B-4B3C-98CF-9231E1CECD7C}.Ad-Hoc|iPhone.ActiveCfg = Debug|Any CPU
		{52826DA7-443B-4B3C-98CF-9231E1CECD7C}.Ad-Hoc|iPhone.Build.0 = Debug|Any CPU
		{52826DA7-443B-4B3C-98CF-9231E1CECD7C}.Ad-Hoc|iPhone.Deploy.0 = Debug|Any CPU
		{52826DA7-443B-4B3C-98CF-9231E1CECD7C}.Ad-Hoc|iPhoneSimulator.ActiveCfg = Debug|Any CPU
		{52826DA7-443B-4B3C-98CF-9231E1CECD7C}.Ad-Hoc|iPhoneSimulator.Build.0 = Debug|Any CPU
		{52826DA7-443B-4B3C-98CF-9231E1CECD7C}.Ad-Hoc|iPhoneSimulator.Deploy.0 = Debug|Any CPU
		{52826DA7-443B-4B3C-98CF-9231E1CECD7C}.AppStore|Any CPU.ActiveCfg = Debug|Any CPU
		{52826DA7-443B-4B3C-98CF-9231E1CECD7C}.AppStore|Any CPU.Build.0 = Debug|Any CPU
		{52826DA7-443B-4B3C-98CF-9231E1CECD7C}.AppStore|Any CPU.Deploy.0 = Debug|Any CPU
		{52826DA7-443B-4B3C-98CF-9231E1CECD7C}.AppStore|iPhone.ActiveCfg = Debug|Any CPU
		{52826DA7-443B-4B3C-98CF-9231E1CECD7C}.AppStore|iPhone.Build.0 = Debug|Any CPU
		{52826DA7-443B-4B3C-98CF-9231E1CECD7C}.AppStore|iPhone.Deploy.0 = Debug|Any CPU
		{52826DA7-443B-4B3C-98CF-9231E1CECD7C}.AppStore|iPhoneSimulator.ActiveCfg = Debug|Any CPU
		{52826DA7-443B-4B3C-98CF-9231E1CECD7C}.AppStore|iPhoneSimulator.Build.0 = Debug|Any CPU
		{52826DA7-443B-4B3C-98CF-9231E1CECD7C}.AppStore|iPhoneSimulator.Deploy.0 = Debug|Any CPU
		{52826DA7-443B-4B3C-98CF-9231E1CECD7C}.Debug|Any CPU.ActiveCfg = Debug|Any CPU
		{52826DA7-443B-4B3C-98CF-9231E1CECD7C}.Debug|Any CPU.Build.0 = Debug|Any CPU
		{52826DA7-443B-4B3C-98CF-9231E1CECD7C}.Debug|Any CPU.Deploy.0 = Debug|Any CPU
		{52826DA7-443B-4B3C-98CF-9231E1CECD7C}.Debug|iPhone.ActiveCfg = Debug|Any CPU
		{52826DA7-443B-4B3C-98CF-9231E1CECD7C}.Debug|iPhone.Build.0 = Debug|Any CPU
		{52826DA7-443B-4B3C-98CF-9231E1CECD7C}.Debug|iPhone.Deploy.0 = Debug|Any CPU
		{52826DA7-443B-4B3C-98CF-9231E1CECD7C}.Debug|iPhoneSimulator.ActiveCfg = Debug|Any CPU
		{52826DA7-443B-4B3C-98CF-9231E1CECD7C}.Debug|iPhoneSimulator.Build.0 = Debug|Any CPU
		{52826DA7-443B-4B3C-98CF-9231E1CECD7C}.Debug|iPhoneSimulator.Deploy.0 = Debug|Any CPU
		{52826DA7-443B-4B3C-98CF-9231E1CECD7C}.Release|Any CPU.ActiveCfg = Release|Any CPU
		{52826DA7-443B-4B3C-98CF-9231E1CECD7C}.Release|Any CPU.Build.0 = Release|Any CPU
		{52826DA7-443B-4B3C-98CF-9231E1CECD7C}.Release|Any CPU.Deploy.0 = Release|Any CPU
		{52826DA7-443B-4B3C-98CF-9231E1CECD7C}.Release|iPhone.ActiveCfg = Release|Any CPU
		{52826DA7-443B-4B3C-98CF-9231E1CECD7C}.Release|iPhone.Build.0 = Release|Any CPU
		{52826DA7-443B-4B3C-98CF-9231E1CECD7C}.Release|iPhone.Deploy.0 = Release|Any CPU
		{52826DA7-443B-4B3C-98CF-9231E1CECD7C}.Release|iPhoneSimulator.ActiveCfg = Release|Any CPU
		{52826DA7-443B-4B3C-98CF-9231E1CECD7C}.Release|iPhoneSimulator.Build.0 = Release|Any CPU
		{52826DA7-443B-4B3C-98CF-9231E1CECD7C}.Release|iPhoneSimulator.Deploy.0 = Release|Any CPU
		{466A1E2E-CF9E-4C37-9154-4C94E6427C4A}.Ad-Hoc|Any CPU.ActiveCfg = Release|Any CPU
		{466A1E2E-CF9E-4C37-9154-4C94E6427C4A}.Ad-Hoc|Any CPU.Build.0 = Release|Any CPU
		{466A1E2E-CF9E-4C37-9154-4C94E6427C4A}.Ad-Hoc|iPhone.ActiveCfg = Release|Any CPU
		{466A1E2E-CF9E-4C37-9154-4C94E6427C4A}.Ad-Hoc|iPhone.Build.0 = Release|Any CPU
		{466A1E2E-CF9E-4C37-9154-4C94E6427C4A}.Ad-Hoc|iPhoneSimulator.ActiveCfg = Release|Any CPU
		{466A1E2E-CF9E-4C37-9154-4C94E6427C4A}.Ad-Hoc|iPhoneSimulator.Build.0 = Release|Any CPU
		{466A1E2E-CF9E-4C37-9154-4C94E6427C4A}.AppStore|Any CPU.ActiveCfg = Release|Any CPU
		{466A1E2E-CF9E-4C37-9154-4C94E6427C4A}.AppStore|Any CPU.Build.0 = Release|Any CPU
		{466A1E2E-CF9E-4C37-9154-4C94E6427C4A}.AppStore|iPhone.ActiveCfg = Release|Any CPU
		{466A1E2E-CF9E-4C37-9154-4C94E6427C4A}.AppStore|iPhone.Build.0 = Release|Any CPU
		{466A1E2E-CF9E-4C37-9154-4C94E6427C4A}.AppStore|iPhoneSimulator.ActiveCfg = Release|Any CPU
		{466A1E2E-CF9E-4C37-9154-4C94E6427C4A}.AppStore|iPhoneSimulator.Build.0 = Release|Any CPU
		{466A1E2E-CF9E-4C37-9154-4C94E6427C4A}.Debug|Any CPU.ActiveCfg = Debug|Any CPU
		{466A1E2E-CF9E-4C37-9154-4C94E6427C4A}.Debug|Any CPU.Build.0 = Debug|Any CPU
		{466A1E2E-CF9E-4C37-9154-4C94E6427C4A}.Debug|iPhone.ActiveCfg = Debug|Any CPU
		{466A1E2E-CF9E-4C37-9154-4C94E6427C4A}.Debug|iPhone.Build.0 = Debug|Any CPU
		{466A1E2E-CF9E-4C37-9154-4C94E6427C4A}.Debug|iPhoneSimulator.ActiveCfg = Debug|Any CPU
		{466A1E2E-CF9E-4C37-9154-4C94E6427C4A}.Debug|iPhoneSimulator.Build.0 = Debug|Any CPU
		{466A1E2E-CF9E-4C37-9154-4C94E6427C4A}.Release|Any CPU.ActiveCfg = Release|Any CPU
		{466A1E2E-CF9E-4C37-9154-4C94E6427C4A}.Release|Any CPU.Build.0 = Release|Any CPU
		{466A1E2E-CF9E-4C37-9154-4C94E6427C4A}.Release|iPhone.ActiveCfg = Release|Any CPU
		{466A1E2E-CF9E-4C37-9154-4C94E6427C4A}.Release|iPhone.Build.0 = Release|Any CPU
		{466A1E2E-CF9E-4C37-9154-4C94E6427C4A}.Release|iPhoneSimulator.ActiveCfg = Release|Any CPU
		{466A1E2E-CF9E-4C37-9154-4C94E6427C4A}.Release|iPhoneSimulator.Build.0 = Release|Any CPU
		{38691FD6-66BE-4768-A905-36DF00C127EF}.Ad-Hoc|Any CPU.ActiveCfg = Release|Any CPU
		{38691FD6-66BE-4768-A905-36DF00C127EF}.Ad-Hoc|Any CPU.Build.0 = Release|Any CPU
		{38691FD6-66BE-4768-A905-36DF00C127EF}.Ad-Hoc|iPhone.ActiveCfg = Release|Any CPU
		{38691FD6-66BE-4768-A905-36DF00C127EF}.Ad-Hoc|iPhone.Build.0 = Release|Any CPU
		{38691FD6-66BE-4768-A905-36DF00C127EF}.Ad-Hoc|iPhoneSimulator.ActiveCfg = Release|Any CPU
		{38691FD6-66BE-4768-A905-36DF00C127EF}.Ad-Hoc|iPhoneSimulator.Build.0 = Release|Any CPU
		{38691FD6-66BE-4768-A905-36DF00C127EF}.AppStore|Any CPU.ActiveCfg = Release|Any CPU
		{38691FD6-66BE-4768-A905-36DF00C127EF}.AppStore|Any CPU.Build.0 = Release|Any CPU
		{38691FD6-66BE-4768-A905-36DF00C127EF}.AppStore|iPhone.ActiveCfg = Release|Any CPU
		{38691FD6-66BE-4768-A905-36DF00C127EF}.AppStore|iPhone.Build.0 = Release|Any CPU
		{38691FD6-66BE-4768-A905-36DF00C127EF}.AppStore|iPhoneSimulator.ActiveCfg = Release|Any CPU
		{38691FD6-66BE-4768-A905-36DF00C127EF}.AppStore|iPhoneSimulator.Build.0 = Release|Any CPU
		{38691FD6-66BE-4768-A905-36DF00C127EF}.Debug|Any CPU.ActiveCfg = Debug|Any CPU
		{38691FD6-66BE-4768-A905-36DF00C127EF}.Debug|Any CPU.Build.0 = Debug|Any CPU
		{38691FD6-66BE-4768-A905-36DF00C127EF}.Debug|iPhone.ActiveCfg = Debug|Any CPU
		{38691FD6-66BE-4768-A905-36DF00C127EF}.Debug|iPhone.Build.0 = Debug|Any CPU
		{38691FD6-66BE-4768-A905-36DF00C127EF}.Debug|iPhoneSimulator.ActiveCfg = Debug|Any CPU
		{38691FD6-66BE-4768-A905-36DF00C127EF}.Debug|iPhoneSimulator.Build.0 = Debug|Any CPU
		{38691FD6-66BE-4768-A905-36DF00C127EF}.Release|Any CPU.ActiveCfg = Release|Any CPU
		{38691FD6-66BE-4768-A905-36DF00C127EF}.Release|Any CPU.Build.0 = Release|Any CPU
		{38691FD6-66BE-4768-A905-36DF00C127EF}.Release|iPhone.ActiveCfg = Release|Any CPU
		{38691FD6-66BE-4768-A905-36DF00C127EF}.Release|iPhone.Build.0 = Release|Any CPU
		{38691FD6-66BE-4768-A905-36DF00C127EF}.Release|iPhoneSimulator.ActiveCfg = Release|Any CPU
		{38691FD6-66BE-4768-A905-36DF00C127EF}.Release|iPhoneSimulator.Build.0 = Release|Any CPU
		{C3F46464-2127-4E85-914B-C10B923E66E1}.Ad-Hoc|Any CPU.ActiveCfg = Release|Any CPU
		{C3F46464-2127-4E85-914B-C10B923E66E1}.Ad-Hoc|Any CPU.Build.0 = Release|Any CPU
		{C3F46464-2127-4E85-914B-C10B923E66E1}.Ad-Hoc|iPhone.ActiveCfg = Release|Any CPU
		{C3F46464-2127-4E85-914B-C10B923E66E1}.Ad-Hoc|iPhone.Build.0 = Release|Any CPU
		{C3F46464-2127-4E85-914B-C10B923E66E1}.Ad-Hoc|iPhoneSimulator.ActiveCfg = Release|Any CPU
		{C3F46464-2127-4E85-914B-C10B923E66E1}.Ad-Hoc|iPhoneSimulator.Build.0 = Release|Any CPU
		{C3F46464-2127-4E85-914B-C10B923E66E1}.AppStore|Any CPU.ActiveCfg = Release|Any CPU
		{C3F46464-2127-4E85-914B-C10B923E66E1}.AppStore|Any CPU.Build.0 = Release|Any CPU
		{C3F46464-2127-4E85-914B-C10B923E66E1}.AppStore|iPhone.ActiveCfg = Release|Any CPU
		{C3F46464-2127-4E85-914B-C10B923E66E1}.AppStore|iPhone.Build.0 = Release|Any CPU
		{C3F46464-2127-4E85-914B-C10B923E66E1}.AppStore|iPhoneSimulator.ActiveCfg = Release|Any CPU
		{C3F46464-2127-4E85-914B-C10B923E66E1}.AppStore|iPhoneSimulator.Build.0 = Release|Any CPU
		{C3F46464-2127-4E85-914B-C10B923E66E1}.Debug|Any CPU.ActiveCfg = Debug|Any CPU
		{C3F46464-2127-4E85-914B-C10B923E66E1}.Debug|Any CPU.Build.0 = Debug|Any CPU
		{C3F46464-2127-4E85-914B-C10B923E66E1}.Debug|iPhone.ActiveCfg = Debug|Any CPU
		{C3F46464-2127-4E85-914B-C10B923E66E1}.Debug|iPhone.Build.0 = Debug|Any CPU
		{C3F46464-2127-4E85-914B-C10B923E66E1}.Debug|iPhoneSimulator.ActiveCfg = Debug|Any CPU
		{C3F46464-2127-4E85-914B-C10B923E66E1}.Debug|iPhoneSimulator.Build.0 = Debug|Any CPU
		{C3F46464-2127-4E85-914B-C10B923E66E1}.Release|Any CPU.ActiveCfg = Release|Any CPU
		{C3F46464-2127-4E85-914B-C10B923E66E1}.Release|Any CPU.Build.0 = Release|Any CPU
		{C3F46464-2127-4E85-914B-C10B923E66E1}.Release|iPhone.ActiveCfg = Release|Any CPU
		{C3F46464-2127-4E85-914B-C10B923E66E1}.Release|iPhone.Build.0 = Release|Any CPU
		{C3F46464-2127-4E85-914B-C10B923E66E1}.Release|iPhoneSimulator.ActiveCfg = Release|Any CPU
		{C3F46464-2127-4E85-914B-C10B923E66E1}.Release|iPhoneSimulator.Build.0 = Release|Any CPU
		{9100E12D-3105-468C-9461-F8B9A954A737}.Ad-Hoc|Any CPU.ActiveCfg = Release|Any CPU
		{9100E12D-3105-468C-9461-F8B9A954A737}.Ad-Hoc|Any CPU.Build.0 = Release|Any CPU
		{9100E12D-3105-468C-9461-F8B9A954A737}.Ad-Hoc|iPhone.ActiveCfg = Release|Any CPU
		{9100E12D-3105-468C-9461-F8B9A954A737}.Ad-Hoc|iPhone.Build.0 = Release|Any CPU
		{9100E12D-3105-468C-9461-F8B9A954A737}.Ad-Hoc|iPhoneSimulator.ActiveCfg = Release|Any CPU
		{9100E12D-3105-468C-9461-F8B9A954A737}.Ad-Hoc|iPhoneSimulator.Build.0 = Release|Any CPU
		{9100E12D-3105-468C-9461-F8B9A954A737}.AppStore|Any CPU.ActiveCfg = Release|Any CPU
		{9100E12D-3105-468C-9461-F8B9A954A737}.AppStore|Any CPU.Build.0 = Release|Any CPU
		{9100E12D-3105-468C-9461-F8B9A954A737}.AppStore|iPhone.ActiveCfg = Release|Any CPU
		{9100E12D-3105-468C-9461-F8B9A954A737}.AppStore|iPhone.Build.0 = Release|Any CPU
		{9100E12D-3105-468C-9461-F8B9A954A737}.AppStore|iPhoneSimulator.ActiveCfg = Release|Any CPU
		{9100E12D-3105-468C-9461-F8B9A954A737}.AppStore|iPhoneSimulator.Build.0 = Release|Any CPU
		{9100E12D-3105-468C-9461-F8B9A954A737}.Debug|Any CPU.ActiveCfg = Debug|Any CPU
		{9100E12D-3105-468C-9461-F8B9A954A737}.Debug|Any CPU.Build.0 = Debug|Any CPU
		{9100E12D-3105-468C-9461-F8B9A954A737}.Debug|iPhone.ActiveCfg = Debug|Any CPU
		{9100E12D-3105-468C-9461-F8B9A954A737}.Debug|iPhone.Build.0 = Debug|Any CPU
		{9100E12D-3105-468C-9461-F8B9A954A737}.Debug|iPhoneSimulator.ActiveCfg = Debug|Any CPU
		{9100E12D-3105-468C-9461-F8B9A954A737}.Debug|iPhoneSimulator.Build.0 = Debug|Any CPU
		{9100E12D-3105-468C-9461-F8B9A954A737}.Release|Any CPU.ActiveCfg = Release|Any CPU
		{9100E12D-3105-468C-9461-F8B9A954A737}.Release|Any CPU.Build.0 = Release|Any CPU
		{9100E12D-3105-468C-9461-F8B9A954A737}.Release|iPhone.ActiveCfg = Release|Any CPU
		{9100E12D-3105-468C-9461-F8B9A954A737}.Release|iPhone.Build.0 = Release|Any CPU
		{9100E12D-3105-468C-9461-F8B9A954A737}.Release|iPhoneSimulator.ActiveCfg = Release|Any CPU
		{9100E12D-3105-468C-9461-F8B9A954A737}.Release|iPhoneSimulator.Build.0 = Release|Any CPU
	EndGlobalSection
	GlobalSection(SolutionProperties) = preSolution
		HideSolutionNode = FALSE
	EndGlobalSection
	GlobalSection(ExtensibilityGlobals) = postSolution
		SolutionGuid = {AC9EE011-7529-474B-9D63-542F03A67B7D}
	EndGlobalSection
EndGlobal
